
Microsoft Visual Studio Solution File, Format Version 12.00
# Visual Studio Version 16
VisualStudioVersion = 16.0.31729.503
MinimumVisualStudioVersion = 10.0.40219.1
Project("{9A19103F-16F7-4668-BE54-9A1E7A4F7556}") = "CoronaProgram", "CoronaProgram.csproj", "{6A13F23B-2DAA-484F-A778-110CAFC3B2CD}"
EndProject
Project("{2150E333-8FDC-42A3-9474-1A3956D46DE8}") = "Solution Items", "Solution Items", "{373105D6-1CFF-4D73-8131-C1BAD9AE3467}"
	ProjectSection(SolutionItems) = preProject
		.editorconfig = .editorconfig
	EndProjectSection
EndProject
Project("{9A19103F-16F7-4668-BE54-9A1E7A4F7556}") = "CoronaProgram.Tests", "..\CoronaProgram.Tests\CoronaProgram.Tests.csproj", "{C97888D1-9030-409F-9EE4-B323BC56D491}"
EndProject
Global
	GlobalSection(SolutionConfigurationPlatforms) = preSolution
		Debug|Any CPU = Debug|Any CPU
		Release|Any CPU = Release|Any CPU
	EndGlobalSection
	GlobalSection(ProjectConfigurationPlatforms) = postSolution
		{6A13F23B-2DAA-484F-A778-110CAFC3B2CD}.Debug|Any CPU.ActiveCfg = Debug|Any CPU
		{6A13F23B-2DAA-484F-A778-110CAFC3B2CD}.Debug|Any CPU.Build.0 = Debug|Any CPU
		{6A13F23B-2DAA-484F-A778-110CAFC3B2CD}.Release|Any CPU.ActiveCfg = Release|Any CPU
		{6A13F23B-2DAA-484F-A778-110CAFC3B2CD}.Release|Any CPU.Build.0 = Release|Any CPU
		{C97888D1-9030-409F-9EE4-B323BC56D491}.Debug|Any CPU.ActiveCfg = Debug|Any CPU
		{C97888D1-9030-409F-9EE4-B323BC56D491}.Debug|Any CPU.Build.0 = Debug|Any CPU
		{C97888D1-9030-409F-9EE4-B323BC56D491}.Release|Any CPU.ActiveCfg = Release|Any CPU
		{C97888D1-9030-409F-9EE4-B323BC56D491}.Release|Any CPU.Build.0 = Release|Any CPU
	EndGlobalSection
	GlobalSection(SolutionProperties) = preSolution
		HideSolutionNode = FALSE
	EndGlobalSection
	GlobalSection(NestedProjects) = preSolution
		{C97888D1-9030-409F-9EE4-B323BC56D491} = {373105D6-1CFF-4D73-8131-C1BAD9AE3467}
	EndGlobalSection
	GlobalSection(ExtensibilityGlobals) = postSolution
		SolutionGuid = {9B765001-DDEC-40F0-A646-B10D50B71A8F}
	EndGlobalSection
EndGlobal
